
Microsoft Visual Studio Solution File, Format Version 12.00
# Visual Studio 2012
Project("{CC5FD16D-436D-48AD-A40C-5A424C6E3E79}") = "SignalRAndRedisPoC", "SignalRAndRedisPoC\SignalRAndRedisPoC.ccproj", "{B02EE452-B206-48A0-8714-C884A25A6CAE}"
EndProject
Project("{FAE04EC0-301F-11D3-BF4B-00C04F79EFBC}") = "WebRole1", "WebRole1\WebRole1.csproj", "{AC5E7329-EF5F-4E59-B9FE-1027887370F4}"
EndProject
Global
	GlobalSection(SolutionConfigurationPlatforms) = preSolution
		Debug|Any CPU = Debug|Any CPU
		Release|Any CPU = Release|Any CPU
	EndGlobalSection
	GlobalSection(ProjectConfigurationPlatforms) = postSolution
		{B02EE452-B206-48A0-8714-C884A25A6CAE}.Debug|Any CPU.ActiveCfg = Debug|Any CPU
		{B02EE452-B206-48A0-8714-C884A25A6CAE}.Debug|Any CPU.Build.0 = Debug|Any CPU
		{B02EE452-B206-48A0-8714-C884A25A6CAE}.Release|Any CPU.ActiveCfg = Release|Any CPU
		{B02EE452-B206-48A0-8714-C884A25A6CAE}.Release|Any CPU.Build.0 = Release|Any CPU
		{AC5E7329-EF5F-4E59-B9FE-1027887370F4}.Debug|Any CPU.ActiveCfg = Debug|Any CPU
		{AC5E7329-EF5F-4E59-B9FE-1027887370F4}.Debug|Any CPU.Build.0 = Debug|Any CPU
		{AC5E7329-EF5F-4E59-B9FE-1027887370F4}.Release|Any CPU.ActiveCfg = Release|Any CPU
		{AC5E7329-EF5F-4E59-B9FE-1027887370F4}.Release|Any CPU.Build.0 = Release|Any CPU
	EndGlobalSection
	GlobalSection(SolutionProperties) = preSolution
		HideSolutionNode = FALSE
	EndGlobalSection
EndGlobal
